
Microsoft Visual Studio Solution File, Format Version 12.00
# 
Project("{FAE04EC0-301F-11D3-BF4B-00C04F79EFBC}") = "Yaml", "Configuration\Yaml\Yaml.csproj", "{7403ABFC-1D52-4053-BEF7-086DA30B20BC}"
EndProject
Project("{2150E333-8FDC-42A3-9474-1A3956D46DE8}") = "Configuration", "Configuration", "{48FBACD3-2B25-470E-99EE-362761CAE249}"
EndProject
Project("{2150E333-8FDC-42A3-9474-1A3956D46DE8}") = "Tests", "Tests", "{0F1A9E3E-4D21-4423-829A-B0A07E500971}"
EndProject
Project("{2150E333-8FDC-42A3-9474-1A3956D46DE8}") = "Configuration", "Configuration", "{87CF5BDD-09CD-4D19-ADC4-43A06045EE89}"
EndProject
Project("{FAE04EC0-301F-11D3-BF4B-00C04F79EFBC}") = "Yaml", "Tests\Configuration\Yaml\Yaml.csproj", "{68B52B97-7495-4CBB-B413-522621608438}"
EndProject
Project("{2150E333-8FDC-42A3-9474-1A3956D46DE8}") = "DependencyInjection", "DependencyInjection", "{E5CC2D8B-C3C8-437E-AB43-D9B5611F9289}"
EndProject
Project("{FAE04EC0-301F-11D3-BF4B-00C04F79EFBC}") = "Modules", "DependencyInjection\Modules\Modules.csproj", "{CE9D5210-A2F0-4BB4-9461-0653B5CF0D89}"
EndProject
Project("{2150E333-8FDC-42A3-9474-1A3956D46DE8}") = "DependencyInjection", "DependencyInjection", "{1301DF24-DDB0-41C5-81B1-CE30295B48CC}"
EndProject
Project("{FAE04EC0-301F-11D3-BF4B-00C04F79EFBC}") = "Modules", "Tests\DependencyInjection\Modules\Modules.csproj", "{0D3D0FB7-1CD8-4E75-80C1-D4E051EEB441}"
EndProject
Project("{FAE04EC0-301F-11D3-BF4B-00C04F79EFBC}") = "Collections", "Tests\Collections\Collections.csproj", "{3AA12518-FEEF-4500-8D28-833BB2F7284F}"
EndProject
Project("{FAE04EC0-301F-11D3-BF4B-00C04F79EFBC}") = "Collections", "Collections\Collections.csproj", "{98E39D6E-062C-4CCD-A043-648D06EE8C08}"
EndProject
Project("{FAE04EC0-301F-11D3-BF4B-00C04F79EFBC}") = "Modules.Web", "DependencyInjection\Modules.Web\Modules.Web.csproj", "{BA0F3213-493A-4259-8709-A43B4D0C7EFB}"
EndProject
Global
	GlobalSection(SolutionConfigurationPlatforms) = preSolution
		Debug|Any CPU = Debug|Any CPU
		Release|Any CPU = Release|Any CPU
	EndGlobalSection
	GlobalSection(ProjectConfigurationPlatforms) = postSolution
		{7403ABFC-1D52-4053-BEF7-086DA30B20BC}.Debug|Any CPU.ActiveCfg = Debug|Any CPU
		{7403ABFC-1D52-4053-BEF7-086DA30B20BC}.Debug|Any CPU.Build.0 = Debug|Any CPU
		{7403ABFC-1D52-4053-BEF7-086DA30B20BC}.Release|Any CPU.ActiveCfg = Release|Any CPU
		{7403ABFC-1D52-4053-BEF7-086DA30B20BC}.Release|Any CPU.Build.0 = Release|Any CPU
		{68B52B97-7495-4CBB-B413-522621608438}.Debug|Any CPU.ActiveCfg = Debug|Any CPU
		{68B52B97-7495-4CBB-B413-522621608438}.Debug|Any CPU.Build.0 = Debug|Any CPU
		{68B52B97-7495-4CBB-B413-522621608438}.Release|Any CPU.ActiveCfg = Release|Any CPU
		{68B52B97-7495-4CBB-B413-522621608438}.Release|Any CPU.Build.0 = Release|Any CPU
		{CE9D5210-A2F0-4BB4-9461-0653B5CF0D89}.Debug|Any CPU.ActiveCfg = Debug|Any CPU
		{CE9D5210-A2F0-4BB4-9461-0653B5CF0D89}.Debug|Any CPU.Build.0 = Debug|Any CPU
		{CE9D5210-A2F0-4BB4-9461-0653B5CF0D89}.Release|Any CPU.ActiveCfg = Release|Any CPU
		{CE9D5210-A2F0-4BB4-9461-0653B5CF0D89}.Release|Any CPU.Build.0 = Release|Any CPU
		{0D3D0FB7-1CD8-4E75-80C1-D4E051EEB441}.Debug|Any CPU.ActiveCfg = Debug|Any CPU
		{0D3D0FB7-1CD8-4E75-80C1-D4E051EEB441}.Debug|Any CPU.Build.0 = Debug|Any CPU
		{0D3D0FB7-1CD8-4E75-80C1-D4E051EEB441}.Release|Any CPU.ActiveCfg = Release|Any CPU
		{0D3D0FB7-1CD8-4E75-80C1-D4E051EEB441}.Release|Any CPU.Build.0 = Release|Any CPU
		{3AA12518-FEEF-4500-8D28-833BB2F7284F}.Debug|Any CPU.ActiveCfg = Debug|Any CPU
		{3AA12518-FEEF-4500-8D28-833BB2F7284F}.Debug|Any CPU.Build.0 = Debug|Any CPU
		{3AA12518-FEEF-4500-8D28-833BB2F7284F}.Release|Any CPU.ActiveCfg = Release|Any CPU
		{3AA12518-FEEF-4500-8D28-833BB2F7284F}.Release|Any CPU.Build.0 = Release|Any CPU
		{98E39D6E-062C-4CCD-A043-648D06EE8C08}.Debug|Any CPU.ActiveCfg = Debug|Any CPU
		{98E39D6E-062C-4CCD-A043-648D06EE8C08}.Debug|Any CPU.Build.0 = Debug|Any CPU
		{98E39D6E-062C-4CCD-A043-648D06EE8C08}.Release|Any CPU.ActiveCfg = Release|Any CPU
		{98E39D6E-062C-4CCD-A043-648D06EE8C08}.Release|Any CPU.Build.0 = Release|Any CPU
		{BA0F3213-493A-4259-8709-A43B4D0C7EFB}.Debug|Any CPU.ActiveCfg = Debug|Any CPU
		{BA0F3213-493A-4259-8709-A43B4D0C7EFB}.Debug|Any CPU.Build.0 = Debug|Any CPU
		{BA0F3213-493A-4259-8709-A43B4D0C7EFB}.Release|Any CPU.ActiveCfg = Release|Any CPU
		{BA0F3213-493A-4259-8709-A43B4D0C7EFB}.Release|Any CPU.Build.0 = Release|Any CPU
	EndGlobalSection
	GlobalSection(NestedProjects) = preSolution
		{7403ABFC-1D52-4053-BEF7-086DA30B20BC} = {48FBACD3-2B25-470E-99EE-362761CAE249}
		{87CF5BDD-09CD-4D19-ADC4-43A06045EE89} = {0F1A9E3E-4D21-4423-829A-B0A07E500971}
		{68B52B97-7495-4CBB-B413-522621608438} = {87CF5BDD-09CD-4D19-ADC4-43A06045EE89}
		{CE9D5210-A2F0-4BB4-9461-0653B5CF0D89} = {E5CC2D8B-C3C8-437E-AB43-D9B5611F9289}
		{1301DF24-DDB0-41C5-81B1-CE30295B48CC} = {0F1A9E3E-4D21-4423-829A-B0A07E500971}
		{0D3D0FB7-1CD8-4E75-80C1-D4E051EEB441} = {1301DF24-DDB0-41C5-81B1-CE30295B48CC}
		{3AA12518-FEEF-4500-8D28-833BB2F7284F} = {0F1A9E3E-4D21-4423-829A-B0A07E500971}
		{BA0F3213-493A-4259-8709-A43B4D0C7EFB} = {E5CC2D8B-C3C8-437E-AB43-D9B5611F9289}
	EndGlobalSection
EndGlobal
