
Microsoft Visual Studio Solution File, Format Version 12.00
# 
Project("{FAE04EC0-301F-11D3-BF4B-00C04F79EFBC}") = "Yaml", "Configuration\Yaml\Yaml.csproj", "{7403ABFC-1D52-4053-BEF7-086DA30B20BC}"
EndProject
Project("{2150E333-8FDC-42A3-9474-1A3956D46DE8}") = "Configuration", "Configuration", "{48FBACD3-2B25-470E-99EE-362761CAE249}"
EndProject
Project("{2150E333-8FDC-42A3-9474-1A3956D46DE8}") = "Tests", "Tests", "{0F1A9E3E-4D21-4423-829A-B0A07E500971}"
EndProject
Project("{2150E333-8FDC-42A3-9474-1A3956D46DE8}") = "Configuration", "Configuration", "{87CF5BDD-09CD-4D19-ADC4-43A06045EE89}"
EndProject
Project("{FAE04EC0-301F-11D3-BF4B-00C04F79EFBC}") = "Yaml", "Tests\Configuration\Yaml\Yaml.csproj", "{68B52B97-7495-4CBB-B413-522621608438}"
EndProject
Project("{2150E333-8FDC-42A3-9474-1A3956D46DE8}") = "EntityFrameworkCore", "EntityFrameworkCore", "{719E52F0-7CAF-4873-9323-82FD27E32A09}"
EndProject
Project("{FAE04EC0-301F-11D3-BF4B-00C04F79EFBC}") = "Codegen", "EntityFrameworkCore\Codegen\Codegen.csproj", "{32DF7F60-3F77-4949-9ED8-B175745345F0}"
EndProject
Project("{2150E333-8FDC-42A3-9474-1A3956D46DE8}") = "EntityFrameworkCore", "EntityFrameworkCore", "{4A3E6239-B24F-41B5-8EFC-00263D093630}"
EndProject
Project("{FAE04EC0-301F-11D3-BF4B-00C04F79EFBC}") = "Codegen", "Tests\EntityFrameworkCore\Codegen\Codegen.csproj", "{D513CE87-05F7-4747-B0D6-9C92C2FD5605}"
EndProject
Project("{2150E333-8FDC-42A3-9474-1A3956D46DE8}") = "DependencyInjection", "DependencyInjection", "{E999D800-9342-4032-9A2B-13B18B80F2D7}"
EndProject
Project("{FAE04EC0-301F-11D3-BF4B-00C04F79EFBC}") = "CodeGen", "DependencyInjection\CodeGen\CodeGen.csproj", "{054E6F26-5FC4-4704-A419-4EA4DD5B5CE0}"
EndProject
Project("{FAE04EC0-301F-11D3-BF4B-00C04F79EFBC}") = "IO", "DependencyInjection\IO\IO.csproj", "{B1B7230B-789C-416A-8381-7441006378D5}"
EndProject
Global
	GlobalSection(SolutionConfigurationPlatforms) = preSolution
		Debug|Any CPU = Debug|Any CPU
		Release|Any CPU = Release|Any CPU
	EndGlobalSection
	GlobalSection(ProjectConfigurationPlatforms) = postSolution
		{7403ABFC-1D52-4053-BEF7-086DA30B20BC}.Debug|Any CPU.ActiveCfg = Debug|Any CPU
		{7403ABFC-1D52-4053-BEF7-086DA30B20BC}.Debug|Any CPU.Build.0 = Debug|Any CPU
		{7403ABFC-1D52-4053-BEF7-086DA30B20BC}.Release|Any CPU.ActiveCfg = Release|Any CPU
		{7403ABFC-1D52-4053-BEF7-086DA30B20BC}.Release|Any CPU.Build.0 = Release|Any CPU
		{68B52B97-7495-4CBB-B413-522621608438}.Debug|Any CPU.ActiveCfg = Debug|Any CPU
		{68B52B97-7495-4CBB-B413-522621608438}.Debug|Any CPU.Build.0 = Debug|Any CPU
		{68B52B97-7495-4CBB-B413-522621608438}.Release|Any CPU.ActiveCfg = Release|Any CPU
		{68B52B97-7495-4CBB-B413-522621608438}.Release|Any CPU.Build.0 = Release|Any CPU
		{32DF7F60-3F77-4949-9ED8-B175745345F0}.Debug|Any CPU.ActiveCfg = Debug|Any CPU
		{32DF7F60-3F77-4949-9ED8-B175745345F0}.Debug|Any CPU.Build.0 = Debug|Any CPU
		{32DF7F60-3F77-4949-9ED8-B175745345F0}.Release|Any CPU.ActiveCfg = Release|Any CPU
		{32DF7F60-3F77-4949-9ED8-B175745345F0}.Release|Any CPU.Build.0 = Release|Any CPU
		{D513CE87-05F7-4747-B0D6-9C92C2FD5605}.Debug|Any CPU.ActiveCfg = Debug|Any CPU
		{D513CE87-05F7-4747-B0D6-9C92C2FD5605}.Debug|Any CPU.Build.0 = Debug|Any CPU
		{D513CE87-05F7-4747-B0D6-9C92C2FD5605}.Release|Any CPU.ActiveCfg = Release|Any CPU
		{D513CE87-05F7-4747-B0D6-9C92C2FD5605}.Release|Any CPU.Build.0 = Release|Any CPU
		{054E6F26-5FC4-4704-A419-4EA4DD5B5CE0}.Debug|Any CPU.ActiveCfg = Debug|Any CPU
		{054E6F26-5FC4-4704-A419-4EA4DD5B5CE0}.Debug|Any CPU.Build.0 = Debug|Any CPU
		{054E6F26-5FC4-4704-A419-4EA4DD5B5CE0}.Release|Any CPU.ActiveCfg = Release|Any CPU
		{054E6F26-5FC4-4704-A419-4EA4DD5B5CE0}.Release|Any CPU.Build.0 = Release|Any CPU
		{B1B7230B-789C-416A-8381-7441006378D5}.Debug|Any CPU.ActiveCfg = Debug|Any CPU
		{B1B7230B-789C-416A-8381-7441006378D5}.Debug|Any CPU.Build.0 = Debug|Any CPU
		{B1B7230B-789C-416A-8381-7441006378D5}.Release|Any CPU.ActiveCfg = Release|Any CPU
		{B1B7230B-789C-416A-8381-7441006378D5}.Release|Any CPU.Build.0 = Release|Any CPU
	EndGlobalSection
	GlobalSection(NestedProjects) = preSolution
		{7403ABFC-1D52-4053-BEF7-086DA30B20BC} = {48FBACD3-2B25-470E-99EE-362761CAE249}
		{87CF5BDD-09CD-4D19-ADC4-43A06045EE89} = {0F1A9E3E-4D21-4423-829A-B0A07E500971}
		{68B52B97-7495-4CBB-B413-522621608438} = {87CF5BDD-09CD-4D19-ADC4-43A06045EE89}
		{32DF7F60-3F77-4949-9ED8-B175745345F0} = {719E52F0-7CAF-4873-9323-82FD27E32A09}
		{4A3E6239-B24F-41B5-8EFC-00263D093630} = {0F1A9E3E-4D21-4423-829A-B0A07E500971}
		{D513CE87-05F7-4747-B0D6-9C92C2FD5605} = {4A3E6239-B24F-41B5-8EFC-00263D093630}
		{054E6F26-5FC4-4704-A419-4EA4DD5B5CE0} = {E999D800-9342-4032-9A2B-13B18B80F2D7}
		{B1B7230B-789C-416A-8381-7441006378D5} = {E999D800-9342-4032-9A2B-13B18B80F2D7}
	EndGlobalSection
EndGlobal
