
Microsoft Visual Studio Solution File, Format Version 12.00
# Visual Studio Version 16
VisualStudioVersion = 16.6.30114.105
MinimumVisualStudioVersion = 10.0.40219.1
Project("{2150E333-8FDC-42A3-9474-1A3956D46DE8}") = "Extensions", "Extensions", "{81E1CD73-4F41-4E92-B06C-6C79C0CE6682}"
EndProject
Project("{2150E333-8FDC-42A3-9474-1A3956D46DE8}") = "Configuration", "Configuration", "{B4651D98-E3CD-465B-9E54-7A862D18DFEC}"
EndProject
Project("{FAE04EC0-301F-11D3-BF4B-00C04F79EFBC}") = "Yaml", "Extensions\Configuration\Yaml\Yaml.csproj", "{8F18B445-15C4-41EA-8016-E32BF44CC196}"
EndProject
Project("{2150E333-8FDC-42A3-9474-1A3956D46DE8}") = "DependencyInjection", "DependencyInjection", "{7BC08B09-858A-47FE-ABBD-2F42EF17844B}"
EndProject
Project("{FAE04EC0-301F-11D3-BF4B-00C04F79EFBC}") = "CodeGen", "Extensions\DependencyInjection\CodeGen\CodeGen.csproj", "{F678E2B6-39CE-4C34-9B23-09981F3B88B7}"
EndProject
Project("{FAE04EC0-301F-11D3-BF4B-00C04F79EFBC}") = "IO", "Extensions\DependencyInjection\IO\IO.csproj", "{FE4298DE-8138-4EAA-8912-9955A9421F09}"
EndProject
Project("{2150E333-8FDC-42A3-9474-1A3956D46DE8}") = "EntityFrameworkCore", "EntityFrameworkCore", "{59B17D2D-08B2-44A1-B5E9-746FB77C74D3}"
EndProject
Project("{FAE04EC0-301F-11D3-BF4B-00C04F79EFBC}") = "Codegen", "Extensions\EntityFrameworkCore\Codegen\Codegen.csproj", "{A9F83FC0-AB42-4219-A54C-936C21D246BE}"
EndProject
Project("{2150E333-8FDC-42A3-9474-1A3956D46DE8}") = "Tests", "Tests", "{E108B930-FFCA-4797-AF72-81E5BE75E060}"
EndProject
Project("{2150E333-8FDC-42A3-9474-1A3956D46DE8}") = "Extensions", "Extensions", "{0D6D6CCD-4853-4726-9118-E494EDC61D75}"
EndProject
Project("{2150E333-8FDC-42A3-9474-1A3956D46DE8}") = "Configuration", "Configuration", "{CE3DE803-2854-465B-93EF-23F326C85D7A}"
EndProject
Project("{FAE04EC0-301F-11D3-BF4B-00C04F79EFBC}") = "Yaml", "Tests\Extensions\Configuration\Yaml\Yaml.csproj", "{79F3D749-D7BC-47D9-997C-9A957A4C9F55}"
EndProject
Project("{2150E333-8FDC-42A3-9474-1A3956D46DE8}") = "EntityFrameworkCore", "EntityFrameworkCore", "{DD091E59-36E6-48D6-87EB-92BED70A3C07}"
EndProject
Project("{FAE04EC0-301F-11D3-BF4B-00C04F79EFBC}") = "Codegen", "Tests\Extensions\EntityFrameworkCore\Codegen\Codegen.csproj", "{851F8A58-3818-47CE-A024-645666F6A37F}"
EndProject
Global
	GlobalSection(SolutionConfigurationPlatforms) = preSolution
		Debug|Any CPU = Debug|Any CPU
		Debug|x64 = Debug|x64
		Debug|x86 = Debug|x86
		Release|Any CPU = Release|Any CPU
		Release|x64 = Release|x64
		Release|x86 = Release|x86
	EndGlobalSection
	GlobalSection(SolutionProperties) = preSolution
		HideSolutionNode = FALSE
	EndGlobalSection
	GlobalSection(ProjectConfigurationPlatforms) = postSolution
		{8F18B445-15C4-41EA-8016-E32BF44CC196}.Debug|Any CPU.ActiveCfg = Debug|Any CPU
		{8F18B445-15C4-41EA-8016-E32BF44CC196}.Debug|Any CPU.Build.0 = Debug|Any CPU
		{8F18B445-15C4-41EA-8016-E32BF44CC196}.Debug|x64.ActiveCfg = Debug|Any CPU
		{8F18B445-15C4-41EA-8016-E32BF44CC196}.Debug|x64.Build.0 = Debug|Any CPU
		{8F18B445-15C4-41EA-8016-E32BF44CC196}.Debug|x86.ActiveCfg = Debug|Any CPU
		{8F18B445-15C4-41EA-8016-E32BF44CC196}.Debug|x86.Build.0 = Debug|Any CPU
		{8F18B445-15C4-41EA-8016-E32BF44CC196}.Release|Any CPU.ActiveCfg = Release|Any CPU
		{8F18B445-15C4-41EA-8016-E32BF44CC196}.Release|Any CPU.Build.0 = Release|Any CPU
		{8F18B445-15C4-41EA-8016-E32BF44CC196}.Release|x64.ActiveCfg = Release|Any CPU
		{8F18B445-15C4-41EA-8016-E32BF44CC196}.Release|x64.Build.0 = Release|Any CPU
		{8F18B445-15C4-41EA-8016-E32BF44CC196}.Release|x86.ActiveCfg = Release|Any CPU
		{8F18B445-15C4-41EA-8016-E32BF44CC196}.Release|x86.Build.0 = Release|Any CPU
		{F678E2B6-39CE-4C34-9B23-09981F3B88B7}.Debug|Any CPU.ActiveCfg = Debug|Any CPU
		{F678E2B6-39CE-4C34-9B23-09981F3B88B7}.Debug|Any CPU.Build.0 = Debug|Any CPU
		{F678E2B6-39CE-4C34-9B23-09981F3B88B7}.Debug|x64.ActiveCfg = Debug|Any CPU
		{F678E2B6-39CE-4C34-9B23-09981F3B88B7}.Debug|x64.Build.0 = Debug|Any CPU
		{F678E2B6-39CE-4C34-9B23-09981F3B88B7}.Debug|x86.ActiveCfg = Debug|Any CPU
		{F678E2B6-39CE-4C34-9B23-09981F3B88B7}.Debug|x86.Build.0 = Debug|Any CPU
		{F678E2B6-39CE-4C34-9B23-09981F3B88B7}.Release|Any CPU.ActiveCfg = Release|Any CPU
		{F678E2B6-39CE-4C34-9B23-09981F3B88B7}.Release|Any CPU.Build.0 = Release|Any CPU
		{F678E2B6-39CE-4C34-9B23-09981F3B88B7}.Release|x64.ActiveCfg = Release|Any CPU
		{F678E2B6-39CE-4C34-9B23-09981F3B88B7}.Release|x64.Build.0 = Release|Any CPU
		{F678E2B6-39CE-4C34-9B23-09981F3B88B7}.Release|x86.ActiveCfg = Release|Any CPU
		{F678E2B6-39CE-4C34-9B23-09981F3B88B7}.Release|x86.Build.0 = Release|Any CPU
		{FE4298DE-8138-4EAA-8912-9955A9421F09}.Debug|Any CPU.ActiveCfg = Debug|Any CPU
		{FE4298DE-8138-4EAA-8912-9955A9421F09}.Debug|Any CPU.Build.0 = Debug|Any CPU
		{FE4298DE-8138-4EAA-8912-9955A9421F09}.Debug|x64.ActiveCfg = Debug|Any CPU
		{FE4298DE-8138-4EAA-8912-9955A9421F09}.Debug|x64.Build.0 = Debug|Any CPU
		{FE4298DE-8138-4EAA-8912-9955A9421F09}.Debug|x86.ActiveCfg = Debug|Any CPU
		{FE4298DE-8138-4EAA-8912-9955A9421F09}.Debug|x86.Build.0 = Debug|Any CPU
		{FE4298DE-8138-4EAA-8912-9955A9421F09}.Release|Any CPU.ActiveCfg = Release|Any CPU
		{FE4298DE-8138-4EAA-8912-9955A9421F09}.Release|Any CPU.Build.0 = Release|Any CPU
		{FE4298DE-8138-4EAA-8912-9955A9421F09}.Release|x64.ActiveCfg = Release|Any CPU
		{FE4298DE-8138-4EAA-8912-9955A9421F09}.Release|x64.Build.0 = Release|Any CPU
		{FE4298DE-8138-4EAA-8912-9955A9421F09}.Release|x86.ActiveCfg = Release|Any CPU
		{FE4298DE-8138-4EAA-8912-9955A9421F09}.Release|x86.Build.0 = Release|Any CPU
		{A9F83FC0-AB42-4219-A54C-936C21D246BE}.Debug|Any CPU.ActiveCfg = Debug|Any CPU
		{A9F83FC0-AB42-4219-A54C-936C21D246BE}.Debug|Any CPU.Build.0 = Debug|Any CPU
		{A9F83FC0-AB42-4219-A54C-936C21D246BE}.Debug|x64.ActiveCfg = Debug|Any CPU
		{A9F83FC0-AB42-4219-A54C-936C21D246BE}.Debug|x64.Build.0 = Debug|Any CPU
		{A9F83FC0-AB42-4219-A54C-936C21D246BE}.Debug|x86.ActiveCfg = Debug|Any CPU
		{A9F83FC0-AB42-4219-A54C-936C21D246BE}.Debug|x86.Build.0 = Debug|Any CPU
		{A9F83FC0-AB42-4219-A54C-936C21D246BE}.Release|Any CPU.ActiveCfg = Release|Any CPU
		{A9F83FC0-AB42-4219-A54C-936C21D246BE}.Release|Any CPU.Build.0 = Release|Any CPU
		{A9F83FC0-AB42-4219-A54C-936C21D246BE}.Release|x64.ActiveCfg = Release|Any CPU
		{A9F83FC0-AB42-4219-A54C-936C21D246BE}.Release|x64.Build.0 = Release|Any CPU
		{A9F83FC0-AB42-4219-A54C-936C21D246BE}.Release|x86.ActiveCfg = Release|Any CPU
		{A9F83FC0-AB42-4219-A54C-936C21D246BE}.Release|x86.Build.0 = Release|Any CPU
		{79F3D749-D7BC-47D9-997C-9A957A4C9F55}.Debug|Any CPU.ActiveCfg = Debug|Any CPU
		{79F3D749-D7BC-47D9-997C-9A957A4C9F55}.Debug|Any CPU.Build.0 = Debug|Any CPU
		{79F3D749-D7BC-47D9-997C-9A957A4C9F55}.Debug|x64.ActiveCfg = Debug|Any CPU
		{79F3D749-D7BC-47D9-997C-9A957A4C9F55}.Debug|x64.Build.0 = Debug|Any CPU
		{79F3D749-D7BC-47D9-997C-9A957A4C9F55}.Debug|x86.ActiveCfg = Debug|Any CPU
		{79F3D749-D7BC-47D9-997C-9A957A4C9F55}.Debug|x86.Build.0 = Debug|Any CPU
		{79F3D749-D7BC-47D9-997C-9A957A4C9F55}.Release|Any CPU.ActiveCfg = Release|Any CPU
		{79F3D749-D7BC-47D9-997C-9A957A4C9F55}.Release|Any CPU.Build.0 = Release|Any CPU
		{79F3D749-D7BC-47D9-997C-9A957A4C9F55}.Release|x64.ActiveCfg = Release|Any CPU
		{79F3D749-D7BC-47D9-997C-9A957A4C9F55}.Release|x64.Build.0 = Release|Any CPU
		{79F3D749-D7BC-47D9-997C-9A957A4C9F55}.Release|x86.ActiveCfg = Release|Any CPU
		{79F3D749-D7BC-47D9-997C-9A957A4C9F55}.Release|x86.Build.0 = Release|Any CPU
		{851F8A58-3818-47CE-A024-645666F6A37F}.Debug|Any CPU.ActiveCfg = Debug|Any CPU
		{851F8A58-3818-47CE-A024-645666F6A37F}.Debug|Any CPU.Build.0 = Debug|Any CPU
		{851F8A58-3818-47CE-A024-645666F6A37F}.Debug|x64.ActiveCfg = Debug|Any CPU
		{851F8A58-3818-47CE-A024-645666F6A37F}.Debug|x64.Build.0 = Debug|Any CPU
		{851F8A58-3818-47CE-A024-645666F6A37F}.Debug|x86.ActiveCfg = Debug|Any CPU
		{851F8A58-3818-47CE-A024-645666F6A37F}.Debug|x86.Build.0 = Debug|Any CPU
		{851F8A58-3818-47CE-A024-645666F6A37F}.Release|Any CPU.ActiveCfg = Release|Any CPU
		{851F8A58-3818-47CE-A024-645666F6A37F}.Release|Any CPU.Build.0 = Release|Any CPU
		{851F8A58-3818-47CE-A024-645666F6A37F}.Release|x64.ActiveCfg = Release|Any CPU
		{851F8A58-3818-47CE-A024-645666F6A37F}.Release|x64.Build.0 = Release|Any CPU
		{851F8A58-3818-47CE-A024-645666F6A37F}.Release|x86.ActiveCfg = Release|Any CPU
		{851F8A58-3818-47CE-A024-645666F6A37F}.Release|x86.Build.0 = Release|Any CPU
	EndGlobalSection
	GlobalSection(NestedProjects) = preSolution
		{B4651D98-E3CD-465B-9E54-7A862D18DFEC} = {81E1CD73-4F41-4E92-B06C-6C79C0CE6682}
		{8F18B445-15C4-41EA-8016-E32BF44CC196} = {B4651D98-E3CD-465B-9E54-7A862D18DFEC}
		{7BC08B09-858A-47FE-ABBD-2F42EF17844B} = {81E1CD73-4F41-4E92-B06C-6C79C0CE6682}
		{F678E2B6-39CE-4C34-9B23-09981F3B88B7} = {7BC08B09-858A-47FE-ABBD-2F42EF17844B}
		{FE4298DE-8138-4EAA-8912-9955A9421F09} = {7BC08B09-858A-47FE-ABBD-2F42EF17844B}
		{59B17D2D-08B2-44A1-B5E9-746FB77C74D3} = {81E1CD73-4F41-4E92-B06C-6C79C0CE6682}
		{A9F83FC0-AB42-4219-A54C-936C21D246BE} = {59B17D2D-08B2-44A1-B5E9-746FB77C74D3}
		{0D6D6CCD-4853-4726-9118-E494EDC61D75} = {E108B930-FFCA-4797-AF72-81E5BE75E060}
		{CE3DE803-2854-465B-93EF-23F326C85D7A} = {0D6D6CCD-4853-4726-9118-E494EDC61D75}
		{79F3D749-D7BC-47D9-997C-9A957A4C9F55} = {CE3DE803-2854-465B-93EF-23F326C85D7A}
		{DD091E59-36E6-48D6-87EB-92BED70A3C07} = {0D6D6CCD-4853-4726-9118-E494EDC61D75}
		{851F8A58-3818-47CE-A024-645666F6A37F} = {DD091E59-36E6-48D6-87EB-92BED70A3C07}
	EndGlobalSection
EndGlobal
